
Microsoft Visual Studio Solution File, Format Version 12.00
# Visual Studio Version 16
VisualStudioVersion = 16.0.31112.23
MinimumVisualStudioVersion = 10.0.40219.1
Project("{FAE04EC0-301F-11D3-BF4B-00C04F79EFBC}") = "Соц поддержка", "Соц поддержка\Соц поддержка.csproj", "{14E7CD95-640A-44B8-A303-57F6C9DE605A}"
EndProject
Global
	GlobalSection(SolutionConfigurationPlatforms) = preSolution
		Debug|Any CPU = Debug|Any CPU
		Release|Any CPU = Release|Any CPU
	EndGlobalSection
	GlobalSection(ProjectConfigurationPlatforms) = postSolution
		{14E7CD95-640A-44B8-A303-57F6C9DE605A}.Debug|Any CPU.ActiveCfg = Debug|Any CPU
		{14E7CD95-640A-44B8-A303-57F6C9DE605A}.Debug|Any CPU.Build.0 = Debug|Any CPU
		{14E7CD95-640A-44B8-A303-57F6C9DE605A}.Release|Any CPU.ActiveCfg = Release|Any CPU
		{14E7CD95-640A-44B8-A303-57F6C9DE605A}.Release|Any CPU.Build.0 = Release|Any CPU
	EndGlobalSection
	GlobalSection(SolutionProperties) = preSolution
		HideSolutionNode = FALSE
	EndGlobalSection
	GlobalSection(ExtensibilityGlobals) = postSolution
		SolutionGuid = {360DDF5C-9D0A-4543-BACB-88DCD82EEFBF}
	EndGlobalSection
EndGlobal
